
Microsoft Visual Studio Solution File, Format Version 12.00
# Visual Studio 2012
Project("{FAE04EC0-301F-11D3-BF4B-00C04F79EFBC}") = "Fs.AdminCenter", "Fs.AdminCenter\Fs.AdminCenter.csproj", "{2ED0CAA4-812C-49CE-BD38-4C244726EA6F}"
EndProject
Project("{FAE04EC0-301F-11D3-BF4B-00C04F79EFBC}") = "Fs.AdminCenter.Authentication", "Fs.AdminCenter.Authentication\Fs.AdminCenter.Authentication.csproj", "{DE370315-6558-4F7B-A263-734AED2C3083}"
EndProject
Project("{FAE04EC0-301F-11D3-BF4B-00C04F79EFBC}") = "Fs.AdminCenter.Infrastructure", "Fs.AdminCenter.Infrastructure\Fs.AdminCenter.Infrastructure.csproj", "{AF7BF859-891D-4C9C-BD79-245DBCA72DA7}"
EndProject
Project("{FAE04EC0-301F-11D3-BF4B-00C04F79EFBC}") = "Fs.AdminCenter.Dashboard", "Fs.AdminCenter.Dashboard\Fs.AdminCenter.Dashboard.csproj", "{7B9B2855-230F-4B6B-9E3F-017FA271DA72}"
EndProject
Project("{2150E333-8FDC-42A3-9474-1A3956D46DE8}") = "Admin Center", "Admin Center", "{3110C4E3-554B-458D-AA5A-CD9A0DCB8C51}"
EndProject
Project("{2150E333-8FDC-42A3-9474-1A3956D46DE8}") = "Front", "Front", "{C279C87A-AE35-4B3D-A232-37743B3B5DC4}"
EndProject
Project("{2150E333-8FDC-42A3-9474-1A3956D46DE8}") = "Services", "Services", "{05B220DD-1832-417E-B9BD-05EA28499AFC}"
EndProject
Project("{2150E333-8FDC-42A3-9474-1A3956D46DE8}") = "Modules", "Modules", "{82C4C50E-C9A0-424D-9B7C-411706EDA486}"
EndProject
Project("{2150E333-8FDC-42A3-9474-1A3956D46DE8}") = "Framework", "Framework", "{CBF551DD-DF73-4C89-9F2C-94113BE6DB9F}"
EndProject
Project("{FAE04EC0-301F-11D3-BF4B-00C04F79EFBC}") = "Fs.Front", "Fs.Front\Fs.Front.csproj", "{FD304E5D-C062-435D-8F8E-8DA35CE1130D}"
EndProject
Project("{FAE04EC0-301F-11D3-BF4B-00C04F79EFBC}") = "Fs.Front.Tests", "Fs.Front.Tests\Fs.Front.Tests.csproj", "{8C9E1976-C001-4DC5-928E-C11BA2777DDD}"
EndProject
Project("{2150E333-8FDC-42A3-9474-1A3956D46DE8}") = "Framework", "Framework", "{AA6B3B8E-E752-4576-B1AB-FD9C163232E6}"
EndProject
Project("{FAE04EC0-301F-11D3-BF4B-00C04F79EFBC}") = "Fs.Data", "Fs.Data\Fs.Data.csproj", "{B327E48F-7802-4CD7-BC9F-7A85C903AEFD}"
EndProject
Project("{FAE04EC0-301F-11D3-BF4B-00C04F79EFBC}") = "Fs.Core", "Fs.Core\Fs.Core.csproj", "{46CD9AE4-81D6-47AF-85CB-8F54674647E6}"
EndProject
Project("{FAE04EC0-301F-11D3-BF4B-00C04F79EFBC}") = "Fs.Domain", "Fs.Domain\Fs.Domain.csproj", "{F4F3D781-2F63-4194-BA82-DD5B58A1C0B2}"
EndProject
Project("{FAE04EC0-301F-11D3-BF4B-00C04F79EFBC}") = "Fs.Services", "Fs.Services\Fs.Services.csproj", "{6126FFA3-EBD7-4CB1-B194-C350CC767370}"
EndProject
Project("{FAE04EC0-301F-11D3-BF4B-00C04F79EFBC}") = "Fs.AdminCenter.Warehouse", "Fs.AdminCenter.Warehouse\Fs.AdminCenter.Warehouse.csproj", "{891162BB-9A1A-48B5-8397-E95D74E4169D}"
EndProject
Project("{FAE04EC0-301F-11D3-BF4B-00C04F79EFBC}") = "Fs.AdminCenter.Navigation", "Fs.AdminCenter.Navigation\Fs.AdminCenter.Navigation.csproj", "{E6E454B3-F2BE-4185-8420-43700136726A}"
EndProject
Global
	GlobalSection(SolutionConfigurationPlatforms) = preSolution
		Debug|Any CPU = Debug|Any CPU
		Release|Any CPU = Release|Any CPU
	EndGlobalSection
	GlobalSection(ProjectConfigurationPlatforms) = postSolution
		{2ED0CAA4-812C-49CE-BD38-4C244726EA6F}.Debug|Any CPU.ActiveCfg = Debug|Any CPU
		{2ED0CAA4-812C-49CE-BD38-4C244726EA6F}.Debug|Any CPU.Build.0 = Debug|Any CPU
		{2ED0CAA4-812C-49CE-BD38-4C244726EA6F}.Release|Any CPU.ActiveCfg = Release|Any CPU
		{2ED0CAA4-812C-49CE-BD38-4C244726EA6F}.Release|Any CPU.Build.0 = Release|Any CPU
		{46CD9AE4-81D6-47AF-85CB-8F54674647E6}.Debug|Any CPU.ActiveCfg = Debug|Any CPU
		{46CD9AE4-81D6-47AF-85CB-8F54674647E6}.Debug|Any CPU.Build.0 = Debug|Any CPU
		{46CD9AE4-81D6-47AF-85CB-8F54674647E6}.Release|Any CPU.ActiveCfg = Release|Any CPU
		{46CD9AE4-81D6-47AF-85CB-8F54674647E6}.Release|Any CPU.Build.0 = Release|Any CPU
		{6126FFA3-EBD7-4CB1-B194-C350CC767370}.Debug|Any CPU.ActiveCfg = Debug|Any CPU
		{6126FFA3-EBD7-4CB1-B194-C350CC767370}.Debug|Any CPU.Build.0 = Debug|Any CPU
		{6126FFA3-EBD7-4CB1-B194-C350CC767370}.Release|Any CPU.ActiveCfg = Release|Any CPU
		{6126FFA3-EBD7-4CB1-B194-C350CC767370}.Release|Any CPU.Build.0 = Release|Any CPU
		{7B9B2855-230F-4B6B-9E3F-017FA271DA72}.Debug|Any CPU.ActiveCfg = Debug|Any CPU
		{7B9B2855-230F-4B6B-9E3F-017FA271DA72}.Debug|Any CPU.Build.0 = Debug|Any CPU
		{7B9B2855-230F-4B6B-9E3F-017FA271DA72}.Release|Any CPU.ActiveCfg = Release|Any CPU
		{7B9B2855-230F-4B6B-9E3F-017FA271DA72}.Release|Any CPU.Build.0 = Release|Any CPU
		{891162BB-9A1A-48B5-8397-E95D74E4169D}.Debug|Any CPU.ActiveCfg = Debug|Any CPU
		{891162BB-9A1A-48B5-8397-E95D74E4169D}.Debug|Any CPU.Build.0 = Debug|Any CPU
		{891162BB-9A1A-48B5-8397-E95D74E4169D}.Release|Any CPU.ActiveCfg = Release|Any CPU
		{891162BB-9A1A-48B5-8397-E95D74E4169D}.Release|Any CPU.Build.0 = Release|Any CPU
		{8C9E1976-C001-4DC5-928E-C11BA2777DDD}.Debug|Any CPU.ActiveCfg = Debug|Any CPU
		{8C9E1976-C001-4DC5-928E-C11BA2777DDD}.Debug|Any CPU.Build.0 = Debug|Any CPU
		{8C9E1976-C001-4DC5-928E-C11BA2777DDD}.Release|Any CPU.ActiveCfg = Release|Any CPU
		{8C9E1976-C001-4DC5-928E-C11BA2777DDD}.Release|Any CPU.Build.0 = Release|Any CPU
		{AF7BF859-891D-4C9C-BD79-245DBCA72DA7}.Debug|Any CPU.ActiveCfg = Debug|Any CPU
		{AF7BF859-891D-4C9C-BD79-245DBCA72DA7}.Debug|Any CPU.Build.0 = Debug|Any CPU
		{AF7BF859-891D-4C9C-BD79-245DBCA72DA7}.Release|Any CPU.ActiveCfg = Release|Any CPU
		{AF7BF859-891D-4C9C-BD79-245DBCA72DA7}.Release|Any CPU.Build.0 = Release|Any CPU
		{B327E48F-7802-4CD7-BC9F-7A85C903AEFD}.Debug|Any CPU.ActiveCfg = Debug|Any CPU
		{B327E48F-7802-4CD7-BC9F-7A85C903AEFD}.Debug|Any CPU.Build.0 = Debug|Any CPU
		{B327E48F-7802-4CD7-BC9F-7A85C903AEFD}.Release|Any CPU.ActiveCfg = Release|Any CPU
		{B327E48F-7802-4CD7-BC9F-7A85C903AEFD}.Release|Any CPU.Build.0 = Release|Any CPU
		{DE370315-6558-4F7B-A263-734AED2C3083}.Debug|Any CPU.ActiveCfg = Debug|Any CPU
		{DE370315-6558-4F7B-A263-734AED2C3083}.Debug|Any CPU.Build.0 = Debug|Any CPU
		{DE370315-6558-4F7B-A263-734AED2C3083}.Release|Any CPU.ActiveCfg = Release|Any CPU
		{DE370315-6558-4F7B-A263-734AED2C3083}.Release|Any CPU.Build.0 = Release|Any CPU
		{E6E454B3-F2BE-4185-8420-43700136726A}.Debug|Any CPU.ActiveCfg = Debug|Any CPU
		{E6E454B3-F2BE-4185-8420-43700136726A}.Debug|Any CPU.Build.0 = Debug|Any CPU
		{E6E454B3-F2BE-4185-8420-43700136726A}.Release|Any CPU.ActiveCfg = Release|Any CPU
		{E6E454B3-F2BE-4185-8420-43700136726A}.Release|Any CPU.Build.0 = Release|Any CPU
		{F4F3D781-2F63-4194-BA82-DD5B58A1C0B2}.Debug|Any CPU.ActiveCfg = Debug|Any CPU
		{F4F3D781-2F63-4194-BA82-DD5B58A1C0B2}.Debug|Any CPU.Build.0 = Debug|Any CPU
		{F4F3D781-2F63-4194-BA82-DD5B58A1C0B2}.Release|Any CPU.ActiveCfg = Release|Any CPU
		{F4F3D781-2F63-4194-BA82-DD5B58A1C0B2}.Release|Any CPU.Build.0 = Release|Any CPU
		{FD304E5D-C062-435D-8F8E-8DA35CE1130D}.Debug|Any CPU.ActiveCfg = Debug|Any CPU
		{FD304E5D-C062-435D-8F8E-8DA35CE1130D}.Debug|Any CPU.Build.0 = Debug|Any CPU
		{FD304E5D-C062-435D-8F8E-8DA35CE1130D}.Release|Any CPU.ActiveCfg = Release|Any CPU
		{FD304E5D-C062-435D-8F8E-8DA35CE1130D}.Release|Any CPU.Build.0 = Release|Any CPU
	EndGlobalSection
	GlobalSection(SolutionProperties) = preSolution
		HideSolutionNode = FALSE
	EndGlobalSection
	GlobalSection(NestedProjects) = preSolution
		{2ED0CAA4-812C-49CE-BD38-4C244726EA6F} = {3110C4E3-554B-458D-AA5A-CD9A0DCB8C51}
		{46CD9AE4-81D6-47AF-85CB-8F54674647E6} = {AA6B3B8E-E752-4576-B1AB-FD9C163232E6}
		{6126FFA3-EBD7-4CB1-B194-C350CC767370} = {05B220DD-1832-417E-B9BD-05EA28499AFC}
		{7B9B2855-230F-4B6B-9E3F-017FA271DA72} = {82C4C50E-C9A0-424D-9B7C-411706EDA486}
		{82C4C50E-C9A0-424D-9B7C-411706EDA486} = {3110C4E3-554B-458D-AA5A-CD9A0DCB8C51}
		{891162BB-9A1A-48B5-8397-E95D74E4169D} = {82C4C50E-C9A0-424D-9B7C-411706EDA486}
		{8C9E1976-C001-4DC5-928E-C11BA2777DDD} = {C279C87A-AE35-4B3D-A232-37743B3B5DC4}
		{AF7BF859-891D-4C9C-BD79-245DBCA72DA7} = {CBF551DD-DF73-4C89-9F2C-94113BE6DB9F}
		{B327E48F-7802-4CD7-BC9F-7A85C903AEFD} = {AA6B3B8E-E752-4576-B1AB-FD9C163232E6}
		{CBF551DD-DF73-4C89-9F2C-94113BE6DB9F} = {3110C4E3-554B-458D-AA5A-CD9A0DCB8C51}
		{DE370315-6558-4F7B-A263-734AED2C3083} = {82C4C50E-C9A0-424D-9B7C-411706EDA486}
		{E6E454B3-F2BE-4185-8420-43700136726A} = {82C4C50E-C9A0-424D-9B7C-411706EDA486}
		{F4F3D781-2F63-4194-BA82-DD5B58A1C0B2} = {AA6B3B8E-E752-4576-B1AB-FD9C163232E6}
		{FD304E5D-C062-435D-8F8E-8DA35CE1130D} = {C279C87A-AE35-4B3D-A232-37743B3B5DC4}
	EndGlobalSection
EndGlobal
